
Microsoft Visual Studio Solution File, Format Version 12.00
# Visual Studio 15
VisualStudioVersion = 15.0.28307.106
MinimumVisualStudioVersion = 10.0.40219.1
Project("{FAE04EC0-301F-11D3-BF4B-00C04F79EFBC}") = "Algoritmes5", "Algoritmes5\Algoritmes5.csproj", "{CBDB60D8-19F0-43F9-A4E8-B91DAF2CDBDD}"
EndProject
Global
	GlobalSection(SolutionConfigurationPlatforms) = preSolution
		Debug|Any CPU = Debug|Any CPU
		Release|Any CPU = Release|Any CPU
	EndGlobalSection
	GlobalSection(ProjectConfigurationPlatforms) = postSolution
		{CBDB60D8-19F0-43F9-A4E8-B91DAF2CDBDD}.Debug|Any CPU.ActiveCfg = Debug|Any CPU
		{CBDB60D8-19F0-43F9-A4E8-B91DAF2CDBDD}.Debug|Any CPU.Build.0 = Debug|Any CPU
		{CBDB60D8-19F0-43F9-A4E8-B91DAF2CDBDD}.Release|Any CPU.ActiveCfg = Release|Any CPU
		{CBDB60D8-19F0-43F9-A4E8-B91DAF2CDBDD}.Release|Any CPU.Build.0 = Release|Any CPU
	EndGlobalSection
	GlobalSection(SolutionProperties) = preSolution
		HideSolutionNode = FALSE
	EndGlobalSection
	GlobalSection(ExtensibilityGlobals) = postSolution
		SolutionGuid = {AE67E77F-6215-4342-8D2D-1E700F1D9396}
	EndGlobalSection
EndGlobal
