
Microsoft Visual Studio Solution File, Format Version 12.00
# Visual Studio 15
VisualStudioVersion = 15.0.28307.106
MinimumVisualStudioVersion = 10.0.40219.1
Project("{FAE04EC0-301F-11D3-BF4B-00C04F79EFBC}") = "Algoritmes2", "Algoritmes2\Algoritmes2.csproj", "{92FD2C97-9F5C-4B98-A3DD-D857AE2E60EE}"
EndProject
Global
	GlobalSection(SolutionConfigurationPlatforms) = preSolution
		Debug|Any CPU = Debug|Any CPU
		Release|Any CPU = Release|Any CPU
	EndGlobalSection
	GlobalSection(ProjectConfigurationPlatforms) = postSolution
		{92FD2C97-9F5C-4B98-A3DD-D857AE2E60EE}.Debug|Any CPU.ActiveCfg = Debug|Any CPU
		{92FD2C97-9F5C-4B98-A3DD-D857AE2E60EE}.Debug|Any CPU.Build.0 = Debug|Any CPU
		{92FD2C97-9F5C-4B98-A3DD-D857AE2E60EE}.Release|Any CPU.ActiveCfg = Release|Any CPU
		{92FD2C97-9F5C-4B98-A3DD-D857AE2E60EE}.Release|Any CPU.Build.0 = Release|Any CPU
	EndGlobalSection
	GlobalSection(SolutionProperties) = preSolution
		HideSolutionNode = FALSE
	EndGlobalSection
	GlobalSection(ExtensibilityGlobals) = postSolution
		SolutionGuid = {BAFB0B17-E998-4718-8315-939F2B8EE0BB}
	EndGlobalSection
EndGlobal
