
Microsoft Visual Studio Solution File, Format Version 12.00
# Visual Studio 15
VisualStudioVersion = 15.0.28307.106
MinimumVisualStudioVersion = 10.0.40219.1
Project("{FAE04EC0-301F-11D3-BF4B-00C04F79EFBC}") = "Lab4_Algoritmes", "Lab4_Algoritmes\Lab4_Algoritmes.csproj", "{F6FB670E-7F2D-4ECA-998C-F1DBDD173455}"
EndProject
Global
	GlobalSection(SolutionConfigurationPlatforms) = preSolution
		Debug|Any CPU = Debug|Any CPU
		Release|Any CPU = Release|Any CPU
	EndGlobalSection
	GlobalSection(ProjectConfigurationPlatforms) = postSolution
		{F6FB670E-7F2D-4ECA-998C-F1DBDD173455}.Debug|Any CPU.ActiveCfg = Debug|Any CPU
		{F6FB670E-7F2D-4ECA-998C-F1DBDD173455}.Debug|Any CPU.Build.0 = Debug|Any CPU
		{F6FB670E-7F2D-4ECA-998C-F1DBDD173455}.Release|Any CPU.ActiveCfg = Release|Any CPU
		{F6FB670E-7F2D-4ECA-998C-F1DBDD173455}.Release|Any CPU.Build.0 = Release|Any CPU
	EndGlobalSection
	GlobalSection(SolutionProperties) = preSolution
		HideSolutionNode = FALSE
	EndGlobalSection
	GlobalSection(ExtensibilityGlobals) = postSolution
		SolutionGuid = {A91D381C-7766-4251-8682-7F3575E30329}
	EndGlobalSection
EndGlobal
